
Microsoft Visual Studio Solution File, Format Version 12.00
# Visual Studio Version 17
VisualStudioVersion = 17.11.35219.272
MinimumVisualStudioVersion = 10.0.40219.1
Project("{FAE04EC0-301F-11D3-BF4B-00C04F79EFBC}") = "kawaSW", "kawaSW.csproj", "{3FE16BFE-B399-45B9-ACDF-F663A2B98E9F}"
EndProject
Global
	GlobalSection(SolutionConfigurationPlatforms) = preSolution
		Debug|Any CPU = Debug|Any CPU
		Release|Any CPU = Release|Any CPU
	EndGlobalSection
	GlobalSection(ProjectConfigurationPlatforms) = postSolution
		{3FE16BFE-B399-45B9-ACDF-F663A2B98E9F}.Debug|Any CPU.ActiveCfg = Debug|Any CPU
		{3FE16BFE-B399-45B9-ACDF-F663A2B98E9F}.Debug|Any CPU.Build.0 = Debug|Any CPU
		{3FE16BFE-B399-45B9-ACDF-F663A2B98E9F}.Release|Any CPU.ActiveCfg = Release|Any CPU
		{3FE16BFE-B399-45B9-ACDF-F663A2B98E9F}.Release|Any CPU.Build.0 = Release|Any CPU
	EndGlobalSection
	GlobalSection(SolutionProperties) = preSolution
		HideSolutionNode = FALSE
	EndGlobalSection
	GlobalSection(ExtensibilityGlobals) = postSolution
		SolutionGuid = {4F242EF1-E85C-45A1-982E-3ADEC96E51CB}
	EndGlobalSection
EndGlobal
